// !$*UTF8*$!
{
	archiveVersion = 1;
	classes = {
	};
	objectVersion = 56;
	objects = {

/* Begin PBXBuildFile section */
		784BD09928EDA23900CA86F0 /* AppDelegate.swift in Sources */ = {isa = PBXBuildFile; fileRef = 784BD09828EDA23900CA86F0 /* AppDelegate.swift */; };
		784BD09B28EDA23900CA86F0 /* SceneDelegate.swift in Sources */ = {isa = PBXBuildFile; fileRef = 784BD09A28EDA23900CA86F0 /* SceneDelegate.swift */; };
		784BD0A228EDA23A00CA86F0 /* Assets.xcassets in Resources */ = {isa = PBXBuildFile; fileRef = 784BD0A128EDA23A00CA86F0 /* Assets.xcassets */; };
		784BD0A528EDA23A00CA86F0 /* LaunchScreen.storyboard in Resources */ = {isa = PBXBuildFile; fileRef = 784BD0A328EDA23A00CA86F0 /* LaunchScreen.storyboard */; };
		784BD0AD28EDA35500CA86F0 /* OnboardViewController.swift in Sources */ = {isa = PBXBuildFile; fileRef = 784BD0AC28EDA35500CA86F0 /* OnboardViewController.swift */; };
		784BD0B028EDA3C400CA86F0 /* Moya in Frameworks */ = {isa = PBXBuildFile; productRef = 784BD0AF28EDA3C400CA86F0 /* Moya */; };
		784BD0B328EDA3D500CA86F0 /* RxCocoa in Frameworks */ = {isa = PBXBuildFile; productRef = 784BD0B228EDA3D500CA86F0 /* RxCocoa */; };
		784BD0B528EDA3D500CA86F0 /* RxRelay in Frameworks */ = {isa = PBXBuildFile; productRef = 784BD0B428EDA3D500CA86F0 /* RxRelay */; };
		784BD0B828EDA3F600CA86F0 /* Kingfisher in Frameworks */ = {isa = PBXBuildFile; productRef = 784BD0B728EDA3F600CA86F0 /* Kingfisher */; };
		784BD0BB28EDA42300CA86F0 /* PanModal in Frameworks */ = {isa = PBXBuildFile; productRef = 784BD0BA28EDA42300CA86F0 /* PanModal */; };
		784BD0BE28EDA44800CA86F0 /* SnapKit in Frameworks */ = {isa = PBXBuildFile; productRef = 784BD0BD28EDA44800CA86F0 /* SnapKit */; };
		78D52E4F28FCFCF2001F5747 /* RxKeyboard in Frameworks */ = {isa = PBXBuildFile; productRef = 78D52E4E28FCFCF2001F5747 /* RxKeyboard */; };
		78D52E5128FD14FF001F5747 /* SignUpModel.swift in Sources */ = {isa = PBXBuildFile; fileRef = 78D52E5028FD14FF001F5747 /* SignUpModel.swift */; };
		78D52E5328FD3142001F5747 /* SocialLoginSDK.swift in Sources */ = {isa = PBXBuildFile; fileRef = 78D52E5228FD3142001F5747 /* SocialLoginSDK.swift */; };
		78D52E7228FD3D91001F5747 /* KakaoSDKAuth in Frameworks */ = {isa = PBXBuildFile; productRef = 78D52E7128FD3D91001F5747 /* KakaoSDKAuth */; };
		78D52E7428FD3D91001F5747 /* KakaoSDKCommon in Frameworks */ = {isa = PBXBuildFile; productRef = 78D52E7328FD3D91001F5747 /* KakaoSDKCommon */; };
		78D52E7628FD3D91001F5747 /* KakaoSDKUser in Frameworks */ = {isa = PBXBuildFile; productRef = 78D52E7528FD3D91001F5747 /* KakaoSDKUser */; };
		78D52E7928FD3DAD001F5747 /* RxKakaoSDKAuth in Frameworks */ = {isa = PBXBuildFile; productRef = 78D52E7828FD3DAD001F5747 /* RxKakaoSDKAuth */; };
		78D52E7B28FD3DAD001F5747 /* RxKakaoSDKCommon in Frameworks */ = {isa = PBXBuildFile; productRef = 78D52E7A28FD3DAD001F5747 /* RxKakaoSDKCommon */; };
		78D52E7D28FD3DAD001F5747 /* RxKakaoSDKUser in Frameworks */ = {isa = PBXBuildFile; productRef = 78D52E7C28FD3DAD001F5747 /* RxKakaoSDKUser */; };
		78D52EA328FE5C3E001F5747 /* SocialLoginService.swift in Sources */ = {isa = PBXBuildFile; fileRef = 78D52EA228FE5C3E001F5747 /* SocialLoginService.swift */; };
		78D52EAA28FE6DA4001F5747 /* CareeixKey.framework in Frameworks */ = {isa = PBXBuildFile; fileRef = 78D52EA928FE6DA4001F5747 /* CareeixKey.framework */; };
		78D52EAB28FE6DA4001F5747 /* CareeixKey.framework in Embed Frameworks */ = {isa = PBXBuildFile; fileRef = 78D52EA928FE6DA4001F5747 /* CareeixKey.framework */; settings = {ATTRIBUTES = (CodeSignOnCopy, RemoveHeadersOnCopy, ); }; };
		78DC17B628FA77F100331A22 /* OnboardViewModel.swift in Sources */ = {isa = PBXBuildFile; fileRef = 78DC17B528FA77F100331A22 /* OnboardViewModel.swift */; };
		78DC17B828FA8C2600331A22 /* OnboardCell.swift in Sources */ = {isa = PBXBuildFile; fileRef = 78DC17B728FA8C2600331A22 /* OnboardCell.swift */; };
		78DC17BD28FA93BD00331A22 /* RxGesture in Frameworks */ = {isa = PBXBuildFile; productRef = 78DC17BC28FA93BD00331A22 /* RxGesture */; };
		78DC17BF28FA943E00331A22 /* SignUpViewController.swift in Sources */ = {isa = PBXBuildFile; fileRef = 78DC17BE28FA943E00331A22 /* SignUpViewController.swift */; };
		78DC17C528FA9D9D00331A22 /* BaseTextField.swift in Sources */ = {isa = PBXBuildFile; fileRef = 78DC17C428FA9D9D00331A22 /* BaseTextField.swift */; };
		78DC17C728FA9E1C00331A22 /* SimpleInputView.swift in Sources */ = {isa = PBXBuildFile; fileRef = 78DC17C628FA9E1C00331A22 /* SimpleInputView.swift */; };
		78DC17CB28FAA46A00331A22 /* RadioInputView.swift in Sources */ = {isa = PBXBuildFile; fileRef = 78DC17CA28FAA46A00331A22 /* RadioInputView.swift */; };
		78DC17CD28FAA4DB00331A22 /* MultiInputView.swift in Sources */ = {isa = PBXBuildFile; fileRef = 78DC17CC28FAA4DA00331A22 /* MultiInputView.swift */; };
		78DC17CF28FAA58500331A22 /* CompleteButtonView.swift in Sources */ = {isa = PBXBuildFile; fileRef = 78DC17CE28FAA58500331A22 /* CompleteButtonView.swift */; };
		78DC17D128FBE7E800331A22 /* SignUpViewModel.swift in Sources */ = {isa = PBXBuildFile; fileRef = 78DC17D028FBE7E800331A22 /* SignUpViewModel.swift */; };
		78DC17D428FBEA0000331A22 /* RadioCell.swift in Sources */ = {isa = PBXBuildFile; fileRef = 78DC17D328FBEA0000331A22 /* RadioCell.swift */; };
		78DC17D628FBEEA400331A22 /* MultiInputCell.swift in Sources */ = {isa = PBXBuildFile; fileRef = 78DC17D528FBEEA400331A22 /* MultiInputCell.swift */; };
		78E94A2328EEDBA000DBBF5C /* NetworkService.swift in Sources */ = {isa = PBXBuildFile; fileRef = 78E94A2228EEDBA000DBBF5C /* NetworkService.swift */; };
		78E94A2728EEE90700DBBF5C /* UserDefaultManager.swift in Sources */ = {isa = PBXBuildFile; fileRef = 78E94A2628EEE90700DBBF5C /* UserDefaultManager.swift */; };
		78E94A2F28EF0D7800DBBF5C /* TabBarController.swift in Sources */ = {isa = PBXBuildFile; fileRef = 78E94A2E28EF0D7800DBBF5C /* TabBarController.swift */; };
		7AFE501728FD8FB400A72D65 /* UIColor+.swift in Sources */ = {isa = PBXBuildFile; fileRef = 7AFE501628FD8FB400A72D65 /* UIColor+.swift */; };
		7AFE502228FD90C600A72D65 /* RelevantHeaderView.swift in Sources */ = {isa = PBXBuildFile; fileRef = 7AFE501928FD90C600A72D65 /* RelevantHeaderView.swift */; };
		7AFE502328FD90C600A72D65 /* HomeViewModel.swift in Sources */ = {isa = PBXBuildFile; fileRef = 7AFE501A28FD90C600A72D65 /* HomeViewModel.swift */; };
		7AFE502428FD90C600A72D65 /* HomeAlertViewController.swift in Sources */ = {isa = PBXBuildFile; fileRef = 7AFE501B28FD90C600A72D65 /* HomeAlertViewController.swift */; };
		7AFE502528FD90C600A72D65 /* HomeViewController.swift in Sources */ = {isa = PBXBuildFile; fileRef = 7AFE501C28FD90C600A72D65 /* HomeViewController.swift */; };
		7AFE502628FD90C600A72D65 /* HomeModel.swift in Sources */ = {isa = PBXBuildFile; fileRef = 7AFE501D28FD90C600A72D65 /* HomeModel.swift */; };
		7AFE502728FD90C600A72D65 /* RelevantCareerProfilesCell.swift in Sources */ = {isa = PBXBuildFile; fileRef = 7AFE501E28FD90C600A72D65 /* RelevantCareerProfilesCell.swift */; };
		7AFE502828FD90C600A72D65 /* MinimalCareerProfileCell.swift in Sources */ = {isa = PBXBuildFile; fileRef = 7AFE501F28FD90C600A72D65 /* MinimalCareerProfileCell.swift */; };
		7AFE502928FD90C600A72D65 /* CompositionalLayout.swift in Sources */ = {isa = PBXBuildFile; fileRef = 7AFE502128FD90C600A72D65 /* CompositionalLayout.swift */; };
/* End PBXBuildFile section */

/* Begin PBXCopyFilesBuildPhase section */
		78D52EAC28FE6DA4001F5747 /* Embed Frameworks */ = {
			isa = PBXCopyFilesBuildPhase;
			buildActionMask = 2147483647;
			dstPath = "";
			dstSubfolderSpec = 10;
			files = (
				78D52EAB28FE6DA4001F5747 /* CareeixKey.framework in Embed Frameworks */,
			);
			name = "Embed Frameworks";
			runOnlyForDeploymentPostprocessing = 0;
		};
/* End PBXCopyFilesBuildPhase section */

/* Begin PBXFileReference section */
		784BD09528EDA23900CA86F0 /* Careeix.app */ = {isa = PBXFileReference; explicitFileType = wrapper.application; includeInIndex = 0; path = Careeix.app; sourceTree = BUILT_PRODUCTS_DIR; };
		784BD09828EDA23900CA86F0 /* AppDelegate.swift */ = {isa = PBXFileReference; lastKnownFileType = sourcecode.swift; path = AppDelegate.swift; sourceTree = "<group>"; };
		784BD09A28EDA23900CA86F0 /* SceneDelegate.swift */ = {isa = PBXFileReference; lastKnownFileType = sourcecode.swift; path = SceneDelegate.swift; sourceTree = "<group>"; };
		784BD0A128EDA23A00CA86F0 /* Assets.xcassets */ = {isa = PBXFileReference; lastKnownFileType = folder.assetcatalog; path = Assets.xcassets; sourceTree = "<group>"; };
		784BD0A428EDA23A00CA86F0 /* Base */ = {isa = PBXFileReference; lastKnownFileType = file.storyboard; name = Base; path = Base.lproj/LaunchScreen.storyboard; sourceTree = "<group>"; };
		784BD0A628EDA23A00CA86F0 /* Info.plist */ = {isa = PBXFileReference; lastKnownFileType = text.plist.xml; path = Info.plist; sourceTree = "<group>"; };
		784BD0AC28EDA35500CA86F0 /* OnboardViewController.swift */ = {isa = PBXFileReference; lastKnownFileType = sourcecode.swift; path = OnboardViewController.swift; sourceTree = "<group>"; };
		78D52E5028FD14FF001F5747 /* SignUpModel.swift */ = {isa = PBXFileReference; lastKnownFileType = sourcecode.swift; path = SignUpModel.swift; sourceTree = "<group>"; };
		78D52E5228FD3142001F5747 /* SocialLoginSDK.swift */ = {isa = PBXFileReference; lastKnownFileType = sourcecode.swift; path = SocialLoginSDK.swift; sourceTree = "<group>"; };
		78D52EA228FE5C3E001F5747 /* SocialLoginService.swift */ = {isa = PBXFileReference; lastKnownFileType = sourcecode.swift; path = SocialLoginService.swift; sourceTree = "<group>"; };
		78D52EA428FE636D001F5747 /* Careeix.entitlements */ = {isa = PBXFileReference; lastKnownFileType = text.plist.entitlements; path = Careeix.entitlements; sourceTree = "<group>"; };
		78D52EA928FE6DA4001F5747 /* CareeixKey.framework */ = {isa = PBXFileReference; explicitFileType = wrapper.framework; path = CareeixKey.framework; sourceTree = BUILT_PRODUCTS_DIR; };
		78D52EAE28FEAF7C001F5747 /* CareeixDebug.entitlements */ = {isa = PBXFileReference; lastKnownFileType = text.plist.entitlements; path = CareeixDebug.entitlements; sourceTree = "<group>"; };
		78DC17B528FA77F100331A22 /* OnboardViewModel.swift */ = {isa = PBXFileReference; lastKnownFileType = sourcecode.swift; path = OnboardViewModel.swift; sourceTree = "<group>"; };
		78DC17B728FA8C2600331A22 /* OnboardCell.swift */ = {isa = PBXFileReference; lastKnownFileType = sourcecode.swift; path = OnboardCell.swift; sourceTree = "<group>"; };
		78DC17BE28FA943E00331A22 /* SignUpViewController.swift */ = {isa = PBXFileReference; lastKnownFileType = sourcecode.swift; path = SignUpViewController.swift; sourceTree = "<group>"; };
		78DC17C428FA9D9D00331A22 /* BaseTextField.swift */ = {isa = PBXFileReference; lastKnownFileType = sourcecode.swift; path = BaseTextField.swift; sourceTree = "<group>"; };
		78DC17C628FA9E1C00331A22 /* SimpleInputView.swift */ = {isa = PBXFileReference; lastKnownFileType = sourcecode.swift; path = SimpleInputView.swift; sourceTree = "<group>"; };
		78DC17CA28FAA46A00331A22 /* RadioInputView.swift */ = {isa = PBXFileReference; lastKnownFileType = sourcecode.swift; path = RadioInputView.swift; sourceTree = "<group>"; };
		78DC17CC28FAA4DA00331A22 /* MultiInputView.swift */ = {isa = PBXFileReference; lastKnownFileType = sourcecode.swift; path = MultiInputView.swift; sourceTree = "<group>"; };
		78DC17CE28FAA58500331A22 /* CompleteButtonView.swift */ = {isa = PBXFileReference; lastKnownFileType = sourcecode.swift; path = CompleteButtonView.swift; sourceTree = "<group>"; };
		78DC17D028FBE7E800331A22 /* SignUpViewModel.swift */ = {isa = PBXFileReference; lastKnownFileType = sourcecode.swift; path = SignUpViewModel.swift; sourceTree = "<group>"; };
		78DC17D328FBEA0000331A22 /* RadioCell.swift */ = {isa = PBXFileReference; lastKnownFileType = sourcecode.swift; path = RadioCell.swift; sourceTree = "<group>"; };
		78DC17D528FBEEA400331A22 /* MultiInputCell.swift */ = {isa = PBXFileReference; lastKnownFileType = sourcecode.swift; path = MultiInputCell.swift; sourceTree = "<group>"; };
		78E94A2228EEDBA000DBBF5C /* NetworkService.swift */ = {isa = PBXFileReference; lastKnownFileType = sourcecode.swift; path = NetworkService.swift; sourceTree = "<group>"; };
		78E94A2628EEE90700DBBF5C /* UserDefaultManager.swift */ = {isa = PBXFileReference; lastKnownFileType = sourcecode.swift; path = UserDefaultManager.swift; sourceTree = "<group>"; };
		78E94A2E28EF0D7800DBBF5C /* TabBarController.swift */ = {isa = PBXFileReference; lastKnownFileType = sourcecode.swift; path = TabBarController.swift; sourceTree = "<group>"; };
		7AFE501628FD8FB400A72D65 /* UIColor+.swift */ = {isa = PBXFileReference; fileEncoding = 4; lastKnownFileType = sourcecode.swift; path = "UIColor+.swift"; sourceTree = "<group>"; };
		7AFE501928FD90C600A72D65 /* RelevantHeaderView.swift */ = {isa = PBXFileReference; fileEncoding = 4; lastKnownFileType = sourcecode.swift; path = RelevantHeaderView.swift; sourceTree = "<group>"; };
		7AFE501A28FD90C600A72D65 /* HomeViewModel.swift */ = {isa = PBXFileReference; fileEncoding = 4; lastKnownFileType = sourcecode.swift; path = HomeViewModel.swift; sourceTree = "<group>"; };
		7AFE501B28FD90C600A72D65 /* HomeAlertViewController.swift */ = {isa = PBXFileReference; fileEncoding = 4; lastKnownFileType = sourcecode.swift; path = HomeAlertViewController.swift; sourceTree = "<group>"; };
		7AFE501C28FD90C600A72D65 /* HomeViewController.swift */ = {isa = PBXFileReference; fileEncoding = 4; lastKnownFileType = sourcecode.swift; path = HomeViewController.swift; sourceTree = "<group>"; };
		7AFE501D28FD90C600A72D65 /* HomeModel.swift */ = {isa = PBXFileReference; fileEncoding = 4; lastKnownFileType = sourcecode.swift; path = HomeModel.swift; sourceTree = "<group>"; };
		7AFE501E28FD90C600A72D65 /* RelevantCareerProfilesCell.swift */ = {isa = PBXFileReference; fileEncoding = 4; lastKnownFileType = sourcecode.swift; path = RelevantCareerProfilesCell.swift; sourceTree = "<group>"; };
		7AFE501F28FD90C600A72D65 /* MinimalCareerProfileCell.swift */ = {isa = PBXFileReference; fileEncoding = 4; lastKnownFileType = sourcecode.swift; path = MinimalCareerProfileCell.swift; sourceTree = "<group>"; };
		7AFE502128FD90C600A72D65 /* CompositionalLayout.swift */ = {isa = PBXFileReference; fileEncoding = 4; lastKnownFileType = sourcecode.swift; path = CompositionalLayout.swift; sourceTree = "<group>"; };
/* End PBXFileReference section */

/* Begin PBXFrameworksBuildPhase section */
		784BD09228EDA23900CA86F0 /* Frameworks */ = {
			isa = PBXFrameworksBuildPhase;
			buildActionMask = 2147483647;
			files = (
				784BD0B828EDA3F600CA86F0 /* Kingfisher in Frameworks */,
				78D52E7428FD3D91001F5747 /* KakaoSDKCommon in Frameworks */,
				78D52E4F28FCFCF2001F5747 /* RxKeyboard in Frameworks */,
				78D52E7D28FD3DAD001F5747 /* RxKakaoSDKUser in Frameworks */,
				784BD0B528EDA3D500CA86F0 /* RxRelay in Frameworks */,
				78DC17BD28FA93BD00331A22 /* RxGesture in Frameworks */,
				784BD0B328EDA3D500CA86F0 /* RxCocoa in Frameworks */,
				78D52E7928FD3DAD001F5747 /* RxKakaoSDKAuth in Frameworks */,
				784BD0BE28EDA44800CA86F0 /* SnapKit in Frameworks */,
				78D52E7628FD3D91001F5747 /* KakaoSDKUser in Frameworks */,
				78D52E7B28FD3DAD001F5747 /* RxKakaoSDKCommon in Frameworks */,
				784BD0B028EDA3C400CA86F0 /* Moya in Frameworks */,
				784BD0BB28EDA42300CA86F0 /* PanModal in Frameworks */,
				78D52EAA28FE6DA4001F5747 /* CareeixKey.framework in Frameworks */,
				78D52E7228FD3D91001F5747 /* KakaoSDKAuth in Frameworks */,
			);
			runOnlyForDeploymentPostprocessing = 0;
		};
/* End PBXFrameworksBuildPhase section */

/* Begin PBXGroup section */
		784BD08C28EDA23900CA86F0 = {
			isa = PBXGroup;
			children = (
				784BD09728EDA23900CA86F0 /* Careeix */,
				784BD09628EDA23900CA86F0 /* Products */,
				78D52EA828FE6DA4001F5747 /* Frameworks */,
			);
			sourceTree = "<group>";
		};
		784BD09628EDA23900CA86F0 /* Products */ = {
			isa = PBXGroup;
			children = (
				784BD09528EDA23900CA86F0 /* Careeix.app */,
			);
			name = Products;
			sourceTree = "<group>";
		};
		784BD09728EDA23900CA86F0 /* Careeix */ = {
			isa = PBXGroup;
			children = (
				78D52EAE28FEAF7C001F5747 /* CareeixDebug.entitlements */,
				78D52EA428FE636D001F5747 /* Careeix.entitlements */,
				78E94A2C28EF0D4100DBBF5C /* Commons */,
				78E94A2928EF069E00DBBF5C /* SDK */,
				784BD09828EDA23900CA86F0 /* AppDelegate.swift */,
				784BD09A28EDA23900CA86F0 /* SceneDelegate.swift */,
				78E94A2E28EF0D7800DBBF5C /* TabBarController.swift */,
				78DC17B428FA75D300331A22 /* Onboard */,
				78DC17BA28FA937400331A22 /* SignUp */,
				7AFE501828FD90C600A72D65 /* Home */,
				7AFE501528FD8FB400A72D65 /* Extensions */,
				784BD0A128EDA23A00CA86F0 /* Assets.xcassets */,
				784BD0A328EDA23A00CA86F0 /* LaunchScreen.storyboard */,
				784BD0A628EDA23A00CA86F0 /* Info.plist */,
			);
			path = Careeix;
			sourceTree = "<group>";
		};
		78D52EA128FE5BE0001F5747 /* Services */ = {
			isa = PBXGroup;
			children = (
				78D52EA228FE5C3E001F5747 /* SocialLoginService.swift */,
				78E94A2228EEDBA000DBBF5C /* NetworkService.swift */,
			);
			path = Services;
			sourceTree = "<group>";
		};
		78D52EA828FE6DA4001F5747 /* Frameworks */ = {
			isa = PBXGroup;
			children = (
				78D52EA928FE6DA4001F5747 /* CareeixKey.framework */,
			);
			name = Frameworks;
			sourceTree = "<group>";
		};
		78DC17B428FA75D300331A22 /* Onboard */ = {
			isa = PBXGroup;
			children = (
				784BD0AC28EDA35500CA86F0 /* OnboardViewController.swift */,
				78DC17B528FA77F100331A22 /* OnboardViewModel.swift */,
				78DC17C328FA9D2700331A22 /* Cells */,
			);
			path = Onboard;
			sourceTree = "<group>";
		};
		78DC17BA28FA937400331A22 /* SignUp */ = {
			isa = PBXGroup;
			children = (
				78DC17BE28FA943E00331A22 /* SignUpViewController.swift */,
				78DC17D028FBE7E800331A22 /* SignUpViewModel.swift */,
				78D52E5028FD14FF001F5747 /* SignUpModel.swift */,
				78DC17C228FA9D1800331A22 /* Views */,
				78DC17D228FBE9E200331A22 /* Cells */,
			);
			path = SignUp;
			sourceTree = "<group>";
		};
		78DC17C228FA9D1800331A22 /* Views */ = {
			isa = PBXGroup;
			children = (
				78DC17CA28FAA46A00331A22 /* RadioInputView.swift */,
				78DC17CC28FAA4DA00331A22 /* MultiInputView.swift */,
			);
			path = Views;
			sourceTree = "<group>";
		};
		78DC17C328FA9D2700331A22 /* Cells */ = {
			isa = PBXGroup;
			children = (
				78DC17B728FA8C2600331A22 /* OnboardCell.swift */,
			);
			path = Cells;
			sourceTree = "<group>";
		};
		78DC17D228FBE9E200331A22 /* Cells */ = {
			isa = PBXGroup;
			children = (
				78DC17D328FBEA0000331A22 /* RadioCell.swift */,
				78DC17D528FBEEA400331A22 /* MultiInputCell.swift */,
			);
			path = Cells;
			sourceTree = "<group>";
		};
		78E94A2928EF069E00DBBF5C /* SDK */ = {
			isa = PBXGroup;
			children = (
				78D52EA128FE5BE0001F5747 /* Services */,
				78E94A2628EEE90700DBBF5C /* UserDefaultManager.swift */,
				78D52E5228FD3142001F5747 /* SocialLoginSDK.swift */,
			);
			path = SDK;
			sourceTree = "<group>";
		};
		78E94A2C28EF0D4100DBBF5C /* Commons */ = {
			isa = PBXGroup;
			children = (
				7AFE502128FD90C600A72D65 /* CompositionalLayout.swift */,
				78E94A2D28EF0D4900DBBF5C /* Views */,
			);
			path = Commons;
			sourceTree = "<group>";
		};
		78E94A2D28EF0D4900DBBF5C /* Views */ = {
			isa = PBXGroup;
			children = (
				78DC17C428FA9D9D00331A22 /* BaseTextField.swift */,
				78DC17C628FA9E1C00331A22 /* SimpleInputView.swift */,
				78DC17CE28FAA58500331A22 /* CompleteButtonView.swift */,
			);
			path = Views;
			sourceTree = "<group>";
		};
		7AFE501528FD8FB400A72D65 /* Extensions */ = {
			isa = PBXGroup;
			children = (
				7AFE501628FD8FB400A72D65 /* UIColor+.swift */,
			);
			name = Extensions;
			path = Careeix/Extensions;
			sourceTree = SOURCE_ROOT;
		};
		7AFE501828FD90C600A72D65 /* Home */ = {
			isa = PBXGroup;
			children = (
				7AFE501B28FD90C600A72D65 /* HomeAlertViewController.swift */,
				7AFE501C28FD90C600A72D65 /* HomeViewController.swift */,
				7AFE501A28FD90C600A72D65 /* HomeViewModel.swift */,
				7AFE501D28FD90C600A72D65 /* HomeModel.swift */,
				7AFE502A28FD911100A72D65 /* Cells */,
				7AFE502C28FD915600A72D65 /* Views */,
			);
			path = Home;
			sourceTree = "<group>";
		};
		7AFE502A28FD911100A72D65 /* Cells */ = {
			isa = PBXGroup;
			children = (
				7AFE501E28FD90C600A72D65 /* RelevantCareerProfilesCell.swift */,
				7AFE501F28FD90C600A72D65 /* MinimalCareerProfileCell.swift */,
			);
			path = Cells;
			sourceTree = "<group>";
		};
		7AFE502C28FD915600A72D65 /* Views */ = {
			isa = PBXGroup;
			children = (
				7AFE501928FD90C600A72D65 /* RelevantHeaderView.swift */,
			);
			path = Views;
			sourceTree = "<group>";
		};
/* End PBXGroup section */

/* Begin PBXNativeTarget section */
		784BD09428EDA23900CA86F0 /* Careeix */ = {
			isa = PBXNativeTarget;
			buildConfigurationList = 784BD0A928EDA23A00CA86F0 /* Build configuration list for PBXNativeTarget "Careeix" */;
			buildPhases = (
				784BD09128EDA23900CA86F0 /* Sources */,
				784BD09228EDA23900CA86F0 /* Frameworks */,
				784BD09328EDA23900CA86F0 /* Resources */,
				78D52EAC28FE6DA4001F5747 /* Embed Frameworks */,
			);
			buildRules = (
			);
			dependencies = (
			);
			name = Careeix;
			packageProductDependencies = (
				784BD0AF28EDA3C400CA86F0 /* Moya */,
				784BD0B228EDA3D500CA86F0 /* RxCocoa */,
				784BD0B428EDA3D500CA86F0 /* RxRelay */,
				784BD0B728EDA3F600CA86F0 /* Kingfisher */,
				784BD0BA28EDA42300CA86F0 /* PanModal */,
				784BD0BD28EDA44800CA86F0 /* SnapKit */,
				78DC17BC28FA93BD00331A22 /* RxGesture */,
				78D52E4E28FCFCF2001F5747 /* RxKeyboard */,
				78D52E7128FD3D91001F5747 /* KakaoSDKAuth */,
				78D52E7328FD3D91001F5747 /* KakaoSDKCommon */,
				78D52E7528FD3D91001F5747 /* KakaoSDKUser */,
				78D52E7828FD3DAD001F5747 /* RxKakaoSDKAuth */,
				78D52E7A28FD3DAD001F5747 /* RxKakaoSDKCommon */,
				78D52E7C28FD3DAD001F5747 /* RxKakaoSDKUser */,
			);
			productName = Careeix;
			productReference = 784BD09528EDA23900CA86F0 /* Careeix.app */;
			productType = "com.apple.product-type.application";
		};
/* End PBXNativeTarget section */

/* Begin PBXProject section */
		784BD08D28EDA23900CA86F0 /* Project object */ = {
			isa = PBXProject;
			attributes = {
				BuildIndependentTargetsInParallel = 1;
				LastSwiftUpdateCheck = 1400;
				LastUpgradeCheck = 1400;
				TargetAttributes = {
					784BD09428EDA23900CA86F0 = {
						CreatedOnToolsVersion = 14.0.1;
					};
				};
			};
			buildConfigurationList = 784BD09028EDA23900CA86F0 /* Build configuration list for PBXProject "Careeix" */;
			compatibilityVersion = "Xcode 14.0";
			developmentRegion = en;
			hasScannedForEncodings = 0;
			knownRegions = (
				en,
				Base,
			);
			mainGroup = 784BD08C28EDA23900CA86F0;
			packageReferences = (
				784BD0AE28EDA3C400CA86F0 /* XCRemoteSwiftPackageReference "Moya" */,
				784BD0B128EDA3D500CA86F0 /* XCRemoteSwiftPackageReference "RxSwift" */,
				784BD0B628EDA3F600CA86F0 /* XCRemoteSwiftPackageReference "Kingfisher" */,
				784BD0B928EDA42300CA86F0 /* XCRemoteSwiftPackageReference "PanModal" */,
				784BD0BC28EDA44800CA86F0 /* XCRemoteSwiftPackageReference "SnapKit" */,
				78DC17BB28FA93BD00331A22 /* XCRemoteSwiftPackageReference "RxGesture" */,
				78D52E4D28FCFCF2001F5747 /* XCRemoteSwiftPackageReference "RxKeyboard" */,
				78D52E7028FD3D91001F5747 /* XCRemoteSwiftPackageReference "kakao-ios-sdk" */,
				78D52E7728FD3DAD001F5747 /* XCRemoteSwiftPackageReference "kakao-ios-sdk-rx" */,
			);
			productRefGroup = 784BD09628EDA23900CA86F0 /* Products */;
			projectDirPath = "";
			projectRoot = "";
			targets = (
				784BD09428EDA23900CA86F0 /* Careeix */,
			);
		};
/* End PBXProject section */

/* Begin PBXResourcesBuildPhase section */
		784BD09328EDA23900CA86F0 /* Resources */ = {
			isa = PBXResourcesBuildPhase;
			buildActionMask = 2147483647;
			files = (
				784BD0A528EDA23A00CA86F0 /* LaunchScreen.storyboard in Resources */,
				784BD0A228EDA23A00CA86F0 /* Assets.xcassets in Resources */,
			);
			runOnlyForDeploymentPostprocessing = 0;
		};
/* End PBXResourcesBuildPhase section */

/* Begin PBXSourcesBuildPhase section */
		784BD09128EDA23900CA86F0 /* Sources */ = {
			isa = PBXSourcesBuildPhase;
			buildActionMask = 2147483647;
			files = (
				78E94A2328EEDBA000DBBF5C /* NetworkService.swift in Sources */,
				7AFE502328FD90C600A72D65 /* HomeViewModel.swift in Sources */,
				7AFE502728FD90C600A72D65 /* RelevantCareerProfilesCell.swift in Sources */,
				78D52E5328FD3142001F5747 /* SocialLoginSDK.swift in Sources */,
				78D52EA328FE5C3E001F5747 /* SocialLoginService.swift in Sources */,
				78DC17CD28FAA4DB00331A22 /* MultiInputView.swift in Sources */,
				78DC17D128FBE7E800331A22 /* SignUpViewModel.swift in Sources */,
				78DC17D428FBEA0000331A22 /* RadioCell.swift in Sources */,
				7AFE502928FD90C600A72D65 /* CompositionalLayout.swift in Sources */,
				78DC17D628FBEEA400331A22 /* MultiInputCell.swift in Sources */,
				7AFE502828FD90C600A72D65 /* MinimalCareerProfileCell.swift in Sources */,
				78DC17B828FA8C2600331A22 /* OnboardCell.swift in Sources */,
				78DC17C528FA9D9D00331A22 /* BaseTextField.swift in Sources */,
				78DC17CB28FAA46A00331A22 /* RadioInputView.swift in Sources */,
				7AFE501728FD8FB400A72D65 /* UIColor+.swift in Sources */,
				7AFE502528FD90C600A72D65 /* HomeViewController.swift in Sources */,
				78E94A2F28EF0D7800DBBF5C /* TabBarController.swift in Sources */,
				7AFE502428FD90C600A72D65 /* HomeAlertViewController.swift in Sources */,
				78DC17CF28FAA58500331A22 /* CompleteButtonView.swift in Sources */,
				784BD09928EDA23900CA86F0 /* AppDelegate.swift in Sources */,
				78D52E5128FD14FF001F5747 /* SignUpModel.swift in Sources */,
				784BD0AD28EDA35500CA86F0 /* OnboardViewController.swift in Sources */,
				784BD09B28EDA23900CA86F0 /* SceneDelegate.swift in Sources */,
				7AFE502228FD90C600A72D65 /* RelevantHeaderView.swift in Sources */,
				78DC17BF28FA943E00331A22 /* SignUpViewController.swift in Sources */,
				78DC17B628FA77F100331A22 /* OnboardViewModel.swift in Sources */,
				78DC17C728FA9E1C00331A22 /* SimpleInputView.swift in Sources */,
				7AFE502628FD90C600A72D65 /* HomeModel.swift in Sources */,
				78E94A2728EEE90700DBBF5C /* UserDefaultManager.swift in Sources */,
			);
			runOnlyForDeploymentPostprocessing = 0;
		};
/* End PBXSourcesBuildPhase section */

/* Begin PBXVariantGroup section */
		784BD0A328EDA23A00CA86F0 /* LaunchScreen.storyboard */ = {
			isa = PBXVariantGroup;
			children = (
				784BD0A428EDA23A00CA86F0 /* Base */,
			);
			name = LaunchScreen.storyboard;
			sourceTree = "<group>";
		};
/* End PBXVariantGroup section */

/* Begin XCBuildConfiguration section */
		784BD0A728EDA23A00CA86F0 /* Debug */ = {
			isa = XCBuildConfiguration;
			buildSettings = {
				ALWAYS_SEARCH_USER_PATHS = NO;
				CLANG_ANALYZER_NONNULL = YES;
				CLANG_ANALYZER_NUMBER_OBJECT_CONVERSION = YES_AGGRESSIVE;
				CLANG_CXX_LANGUAGE_STANDARD = "gnu++20";
				CLANG_ENABLE_MODULES = YES;
				CLANG_ENABLE_OBJC_ARC = YES;
				CLANG_ENABLE_OBJC_WEAK = YES;
				CLANG_WARN_BLOCK_CAPTURE_AUTORELEASING = YES;
				CLANG_WARN_BOOL_CONVERSION = YES;
				CLANG_WARN_COMMA = YES;
				CLANG_WARN_CONSTANT_CONVERSION = YES;
				CLANG_WARN_DEPRECATED_OBJC_IMPLEMENTATIONS = YES;
				CLANG_WARN_DIRECT_OBJC_ISA_USAGE = YES_ERROR;
				CLANG_WARN_DOCUMENTATION_COMMENTS = YES;
				CLANG_WARN_EMPTY_BODY = YES;
				CLANG_WARN_ENUM_CONVERSION = YES;
				CLANG_WARN_INFINITE_RECURSION = YES;
				CLANG_WARN_INT_CONVERSION = YES;
				CLANG_WARN_NON_LITERAL_NULL_CONVERSION = YES;
				CLANG_WARN_OBJC_IMPLICIT_RETAIN_SELF = YES;
				CLANG_WARN_OBJC_LITERAL_CONVERSION = YES;
				CLANG_WARN_OBJC_ROOT_CLASS = YES_ERROR;
				CLANG_WARN_QUOTED_INCLUDE_IN_FRAMEWORK_HEADER = YES;
				CLANG_WARN_RANGE_LOOP_ANALYSIS = YES;
				CLANG_WARN_STRICT_PROTOTYPES = YES;
				CLANG_WARN_SUSPICIOUS_MOVE = YES;
				CLANG_WARN_UNGUARDED_AVAILABILITY = YES_AGGRESSIVE;
				CLANG_WARN_UNREACHABLE_CODE = YES;
				CLANG_WARN__DUPLICATE_METHOD_MATCH = YES;
				COPY_PHASE_STRIP = NO;
				DEBUG_INFORMATION_FORMAT = dwarf;
				ENABLE_STRICT_OBJC_MSGSEND = YES;
				ENABLE_TESTABILITY = YES;
				GCC_C_LANGUAGE_STANDARD = gnu11;
				GCC_DYNAMIC_NO_PIC = NO;
				GCC_NO_COMMON_BLOCKS = YES;
				GCC_OPTIMIZATION_LEVEL = 0;
				GCC_PREPROCESSOR_DEFINITIONS = (
					"DEBUG=1",
					"$(inherited)",
				);
				GCC_WARN_64_TO_32_BIT_CONVERSION = YES;
				GCC_WARN_ABOUT_RETURN_TYPE = YES_ERROR;
				GCC_WARN_UNDECLARED_SELECTOR = YES;
				GCC_WARN_UNINITIALIZED_AUTOS = YES_AGGRESSIVE;
				GCC_WARN_UNUSED_FUNCTION = YES;
				GCC_WARN_UNUSED_VARIABLE = YES;
				IPHONEOS_DEPLOYMENT_TARGET = 14.0;
				MTL_ENABLE_DEBUG_INFO = INCLUDE_SOURCE;
				MTL_FAST_MATH = YES;
				ONLY_ACTIVE_ARCH = YES;
				SDKROOT = iphoneos;
				SWIFT_ACTIVE_COMPILATION_CONDITIONS = DEBUG;
				SWIFT_OPTIMIZATION_LEVEL = "-Onone";
			};
			name = Debug;
		};
		784BD0A828EDA23A00CA86F0 /* Release */ = {
			isa = XCBuildConfiguration;
			buildSettings = {
				ALWAYS_SEARCH_USER_PATHS = NO;
				CLANG_ANALYZER_NONNULL = YES;
				CLANG_ANALYZER_NUMBER_OBJECT_CONVERSION = YES_AGGRESSIVE;
				CLANG_CXX_LANGUAGE_STANDARD = "gnu++20";
				CLANG_ENABLE_MODULES = YES;
				CLANG_ENABLE_OBJC_ARC = YES;
				CLANG_ENABLE_OBJC_WEAK = YES;
				CLANG_WARN_BLOCK_CAPTURE_AUTORELEASING = YES;
				CLANG_WARN_BOOL_CONVERSION = YES;
				CLANG_WARN_COMMA = YES;
				CLANG_WARN_CONSTANT_CONVERSION = YES;
				CLANG_WARN_DEPRECATED_OBJC_IMPLEMENTATIONS = YES;
				CLANG_WARN_DIRECT_OBJC_ISA_USAGE = YES_ERROR;
				CLANG_WARN_DOCUMENTATION_COMMENTS = YES;
				CLANG_WARN_EMPTY_BODY = YES;
				CLANG_WARN_ENUM_CONVERSION = YES;
				CLANG_WARN_INFINITE_RECURSION = YES;
				CLANG_WARN_INT_CONVERSION = YES;
				CLANG_WARN_NON_LITERAL_NULL_CONVERSION = YES;
				CLANG_WARN_OBJC_IMPLICIT_RETAIN_SELF = YES;
				CLANG_WARN_OBJC_LITERAL_CONVERSION = YES;
				CLANG_WARN_OBJC_ROOT_CLASS = YES_ERROR;
				CLANG_WARN_QUOTED_INCLUDE_IN_FRAMEWORK_HEADER = YES;
				CLANG_WARN_RANGE_LOOP_ANALYSIS = YES;
				CLANG_WARN_STRICT_PROTOTYPES = YES;
				CLANG_WARN_SUSPICIOUS_MOVE = YES;
				CLANG_WARN_UNGUARDED_AVAILABILITY = YES_AGGRESSIVE;
				CLANG_WARN_UNREACHABLE_CODE = YES;
				CLANG_WARN__DUPLICATE_METHOD_MATCH = YES;
				COPY_PHASE_STRIP = NO;
				DEBUG_INFORMATION_FORMAT = "dwarf-with-dsym";
				ENABLE_NS_ASSERTIONS = NO;
				ENABLE_STRICT_OBJC_MSGSEND = YES;
				GCC_C_LANGUAGE_STANDARD = gnu11;
				GCC_NO_COMMON_BLOCKS = YES;
				GCC_WARN_64_TO_32_BIT_CONVERSION = YES;
				GCC_WARN_ABOUT_RETURN_TYPE = YES_ERROR;
				GCC_WARN_UNDECLARED_SELECTOR = YES;
				GCC_WARN_UNINITIALIZED_AUTOS = YES_AGGRESSIVE;
				GCC_WARN_UNUSED_FUNCTION = YES;
				GCC_WARN_UNUSED_VARIABLE = YES;
				IPHONEOS_DEPLOYMENT_TARGET = 14.0;
				MTL_ENABLE_DEBUG_INFO = NO;
				MTL_FAST_MATH = YES;
				SDKROOT = iphoneos;
				SWIFT_COMPILATION_MODE = wholemodule;
				SWIFT_OPTIMIZATION_LEVEL = "-O";
				VALIDATE_PRODUCT = YES;
			};
			name = Release;
		};
		784BD0AA28EDA23A00CA86F0 /* Debug */ = {
			isa = XCBuildConfiguration;
			buildSettings = {
				ASSETCATALOG_COMPILER_APPICON_NAME = AppIcon;
				ASSETCATALOG_COMPILER_GLOBAL_ACCENT_COLOR_NAME = AccentColor;
				CODE_SIGN_ENTITLEMENTS = Careeix/CareeixDebug.entitlements;
				CODE_SIGN_STYLE = Automatic;
				CURRENT_PROJECT_VERSION = 1;
				DEVELOPMENT_TEAM = W9K8S57VSZ;
				GENERATE_INFOPLIST_FILE = YES;
				INFOPLIST_FILE = Careeix/Info.plist;
				INFOPLIST_KEY_UIApplicationSupportsIndirectInputEvents = YES;
				INFOPLIST_KEY_UILaunchStoryboardName = LaunchScreen;
				INFOPLIST_KEY_UISupportedInterfaceOrientations_iPad = "UIInterfaceOrientationPortrait UIInterfaceOrientationPortraitUpsideDown UIInterfaceOrientationLandscapeLeft UIInterfaceOrientationLandscapeRight";
				INFOPLIST_KEY_UISupportedInterfaceOrientations_iPhone = "UIInterfaceOrientationPortrait UIInterfaceOrientationLandscapeLeft UIInterfaceOrientationLandscapeRight";
				LD_RUNPATH_SEARCH_PATHS = (
					"$(inherited)",
					"@executable_path/Frameworks",
				);
				MARKETING_VERSION = 1.0;
				PRODUCT_BUNDLE_IDENTIFIER = co.kr.cmc.Careeix;
				PRODUCT_NAME = "$(TARGET_NAME)";
				SWIFT_EMIT_LOC_STRINGS = YES;
				SWIFT_VERSION = 5.0;
				TARGETED_DEVICE_FAMILY = "1,2";
			};
			name = Debug;
		};
		784BD0AB28EDA23A00CA86F0 /* Release */ = {
			isa = XCBuildConfiguration;
			buildSettings = {
				ASSETCATALOG_COMPILER_APPICON_NAME = AppIcon;
				ASSETCATALOG_COMPILER_GLOBAL_ACCENT_COLOR_NAME = AccentColor;
				CODE_SIGN_ENTITLEMENTS = Careeix/Careeix.entitlements;
				CODE_SIGN_STYLE = Automatic;
				CURRENT_PROJECT_VERSION = 1;
				DEVELOPMENT_TEAM = W9K8S57VSZ;
				GENERATE_INFOPLIST_FILE = YES;
				INFOPLIST_FILE = Careeix/Info.plist;
				INFOPLIST_KEY_UIApplicationSupportsIndirectInputEvents = YES;
				INFOPLIST_KEY_UILaunchStoryboardName = LaunchScreen;
				INFOPLIST_KEY_UISupportedInterfaceOrientations_iPad = "UIInterfaceOrientationPortrait UIInterfaceOrientationPortraitUpsideDown UIInterfaceOrientationLandscapeLeft UIInterfaceOrientationLandscapeRight";
				INFOPLIST_KEY_UISupportedInterfaceOrientations_iPhone = "UIInterfaceOrientationPortrait UIInterfaceOrientationLandscapeLeft UIInterfaceOrientationLandscapeRight";
				LD_RUNPATH_SEARCH_PATHS = (
					"$(inherited)",
					"@executable_path/Frameworks",
				);
				MARKETING_VERSION = 1.0;
				PRODUCT_BUNDLE_IDENTIFIER = co.kr.cmc.Careeix;
				PRODUCT_NAME = "$(TARGET_NAME)";
				SWIFT_EMIT_LOC_STRINGS = YES;
				SWIFT_VERSION = 5.0;
				TARGETED_DEVICE_FAMILY = "1,2";
			};
			name = Release;
		};
/* End XCBuildConfiguration section */

/* Begin XCConfigurationList section */
		784BD09028EDA23900CA86F0 /* Build configuration list for PBXProject "Careeix" */ = {
			isa = XCConfigurationList;
			buildConfigurations = (
				784BD0A728EDA23A00CA86F0 /* Debug */,
				784BD0A828EDA23A00CA86F0 /* Release */,
			);
			defaultConfigurationIsVisible = 0;
			defaultConfigurationName = Release;
		};
		784BD0A928EDA23A00CA86F0 /* Build configuration list for PBXNativeTarget "Careeix" */ = {
			isa = XCConfigurationList;
			buildConfigurations = (
				784BD0AA28EDA23A00CA86F0 /* Debug */,
				784BD0AB28EDA23A00CA86F0 /* Release */,
			);
			defaultConfigurationIsVisible = 0;
			defaultConfigurationName = Release;
		};
/* End XCConfigurationList section */

/* Begin XCRemoteSwiftPackageReference section */
		784BD0AE28EDA3C400CA86F0 /* XCRemoteSwiftPackageReference "Moya" */ = {
			isa = XCRemoteSwiftPackageReference;
			repositoryURL = "https://github.com/Moya/Moya";
			requirement = {
				branch = master;
				kind = branch;
			};
		};
		784BD0B128EDA3D500CA86F0 /* XCRemoteSwiftPackageReference "RxSwift" */ = {
			isa = XCRemoteSwiftPackageReference;
			repositoryURL = "https://github.com/ReactiveX/RxSwift";
			requirement = {
				kind = upToNextMajorVersion;
				minimumVersion = 6.0.0;
			};
		};
		784BD0B628EDA3F600CA86F0 /* XCRemoteSwiftPackageReference "Kingfisher" */ = {
			isa = XCRemoteSwiftPackageReference;
			repositoryURL = "https://github.com/onevcat/Kingfisher";
			requirement = {
				kind = upToNextMinorVersion;
				minimumVersion = 7.4.0;
			};
		};
		784BD0B928EDA42300CA86F0 /* XCRemoteSwiftPackageReference "PanModal" */ = {
			isa = XCRemoteSwiftPackageReference;
			repositoryURL = "https://github.com/slackhq/PanModal";
			requirement = {
				kind = upToNextMinorVersion;
				minimumVersion = 1.2.0;
			};
		};
		784BD0BC28EDA44800CA86F0 /* XCRemoteSwiftPackageReference "SnapKit" */ = {
			isa = XCRemoteSwiftPackageReference;
			repositoryURL = "https://github.com/SnapKit/SnapKit.git";
			requirement = {
				kind = upToNextMinorVersion;
				minimumVersion = 5.6.0;
			};
		};
		78D52E4D28FCFCF2001F5747 /* XCRemoteSwiftPackageReference "RxKeyboard" */ = {
			isa = XCRemoteSwiftPackageReference;
			repositoryURL = "https://github.com/RxSwiftCommunity/RxKeyboard";
			requirement = {
				kind = upToNextMinorVersion;
				minimumVersion = 2.0.0;
			};
		};
		78D52E7028FD3D91001F5747 /* XCRemoteSwiftPackageReference "kakao-ios-sdk" */ = {
			isa = XCRemoteSwiftPackageReference;
			repositoryURL = "https://github.com/kakao/kakao-ios-sdk";
			requirement = {
				branch = master;
				kind = branch;
			};
		};
		78D52E7728FD3DAD001F5747 /* XCRemoteSwiftPackageReference "kakao-ios-sdk-rx" */ = {
			isa = XCRemoteSwiftPackageReference;
			repositoryURL = "https://github.com/kakao/kakao-ios-sdk-rx";
			requirement = {
				branch = master;
				kind = branch;
			};
		};
		78DC17BB28FA93BD00331A22 /* XCRemoteSwiftPackageReference "RxGesture" */ = {
			isa = XCRemoteSwiftPackageReference;
			repositoryURL = "https://github.com/RxSwiftCommunity/RxGesture";
			requirement = {
				kind = upToNextMinorVersion;
				minimumVersion = 4.0.0;
			};
		};
/* End XCRemoteSwiftPackageReference section */

/* Begin XCSwiftPackageProductDependency section */
		784BD0AF28EDA3C400CA86F0 /* Moya */ = {
			isa = XCSwiftPackageProductDependency;
			package = 784BD0AE28EDA3C400CA86F0 /* XCRemoteSwiftPackageReference "Moya" */;
			productName = Moya;
		};
		784BD0B228EDA3D500CA86F0 /* RxCocoa */ = {
			isa = XCSwiftPackageProductDependency;
			package = 784BD0B128EDA3D500CA86F0 /* XCRemoteSwiftPackageReference "RxSwift" */;
			productName = RxCocoa;
		};
		784BD0B428EDA3D500CA86F0 /* RxRelay */ = {
			isa = XCSwiftPackageProductDependency;
			package = 784BD0B128EDA3D500CA86F0 /* XCRemoteSwiftPackageReference "RxSwift" */;
			productName = RxRelay;
		};
		784BD0B728EDA3F600CA86F0 /* Kingfisher */ = {
			isa = XCSwiftPackageProductDependency;
			package = 784BD0B628EDA3F600CA86F0 /* XCRemoteSwiftPackageReference "Kingfisher" */;
			productName = Kingfisher;
		};
		784BD0BA28EDA42300CA86F0 /* PanModal */ = {
			isa = XCSwiftPackageProductDependency;
			package = 784BD0B928EDA42300CA86F0 /* XCRemoteSwiftPackageReference "PanModal" */;
			productName = PanModal;
		};
		784BD0BD28EDA44800CA86F0 /* SnapKit */ = {
			isa = XCSwiftPackageProductDependency;
			package = 784BD0BC28EDA44800CA86F0 /* XCRemoteSwiftPackageReference "SnapKit" */;
			productName = SnapKit;
		};
		78D52E4E28FCFCF2001F5747 /* RxKeyboard */ = {
			isa = XCSwiftPackageProductDependency;
			package = 78D52E4D28FCFCF2001F5747 /* XCRemoteSwiftPackageReference "RxKeyboard" */;
			productName = RxKeyboard;
		};
		78D52E7128FD3D91001F5747 /* KakaoSDKAuth */ = {
			isa = XCSwiftPackageProductDependency;
			package = 78D52E7028FD3D91001F5747 /* XCRemoteSwiftPackageReference "kakao-ios-sdk" */;
			productName = KakaoSDKAuth;
		};
		78D52E7328FD3D91001F5747 /* KakaoSDKCommon */ = {
			isa = XCSwiftPackageProductDependency;
			package = 78D52E7028FD3D91001F5747 /* XCRemoteSwiftPackageReference "kakao-ios-sdk" */;
			productName = KakaoSDKCommon;
		};
		78D52E7528FD3D91001F5747 /* KakaoSDKUser */ = {
			isa = XCSwiftPackageProductDependency;
			package = 78D52E7028FD3D91001F5747 /* XCRemoteSwiftPackageReference "kakao-ios-sdk" */;
			productName = KakaoSDKUser;
		};
		78D52E7828FD3DAD001F5747 /* RxKakaoSDKAuth */ = {
			isa = XCSwiftPackageProductDependency;
			package = 78D52E7728FD3DAD001F5747 /* XCRemoteSwiftPackageReference "kakao-ios-sdk-rx" */;
			productName = RxKakaoSDKAuth;
		};
		78D52E7A28FD3DAD001F5747 /* RxKakaoSDKCommon */ = {
			isa = XCSwiftPackageProductDependency;
			package = 78D52E7728FD3DAD001F5747 /* XCRemoteSwiftPackageReference "kakao-ios-sdk-rx" */;
			productName = RxKakaoSDKCommon;
		};
		78D52E7C28FD3DAD001F5747 /* RxKakaoSDKUser */ = {
			isa = XCSwiftPackageProductDependency;
			package = 78D52E7728FD3DAD001F5747 /* XCRemoteSwiftPackageReference "kakao-ios-sdk-rx" */;
			productName = RxKakaoSDKUser;
		};
		78DC17BC28FA93BD00331A22 /* RxGesture */ = {
			isa = XCSwiftPackageProductDependency;
			package = 78DC17BB28FA93BD00331A22 /* XCRemoteSwiftPackageReference "RxGesture" */;
			productName = RxGesture;
		};
/* End XCSwiftPackageProductDependency section */
	};
	rootObject = 784BD08D28EDA23900CA86F0 /* Project object */;
}
